
Microsoft Visual Studio Solution File, Format Version 12.00
# Visual Studio Version 17
VisualStudioVersion = 17.4.33213.308
MinimumVisualStudioVersion = 10.0.40219.1
Project("{FAE04EC0-301F-11D3-BF4B-00C04F79EFBC}") = "HourlyEmployeeMaintenanceApp", "HourlyEmployeeMaintenanceApp\HourlyEmployeeMaintenanceApp.csproj", "{A6308265-1E6E-4365-AEE2-0FFD8997F43E}"
EndProject
Global
	GlobalSection(SolutionConfigurationPlatforms) = preSolution
		Debug|Any CPU = Debug|Any CPU
		Release|Any CPU = Release|Any CPU
	EndGlobalSection
	GlobalSection(ProjectConfigurationPlatforms) = postSolution
		{A6308265-1E6E-4365-AEE2-0FFD8997F43E}.Debug|Any CPU.ActiveCfg = Debug|Any CPU
		{A6308265-1E6E-4365-AEE2-0FFD8997F43E}.Debug|Any CPU.Build.0 = Debug|Any CPU
		{A6308265-1E6E-4365-AEE2-0FFD8997F43E}.Release|Any CPU.ActiveCfg = Release|Any CPU
		{A6308265-1E6E-4365-AEE2-0FFD8997F43E}.Release|Any CPU.Build.0 = Release|Any CPU
	EndGlobalSection
	GlobalSection(SolutionProperties) = preSolution
		HideSolutionNode = FALSE
	EndGlobalSection
	GlobalSection(ExtensibilityGlobals) = postSolution
		SolutionGuid = {380B9E8A-6040-488D-B9D4-55B01F16E87E}
	EndGlobalSection
EndGlobal
